
Microsoft Visual Studio Solution File, Format Version 12.00
# Visual Studio Version 17
VisualStudioVersion = 17.13.35919.96 d17.13
MinimumVisualStudioVersion = 10.0.40219.1
Project("{8BC9CEB8-8B4A-11D0-8D11-00A0C91BC942}") = "250425", "250425\250425.vcxproj", "{C48F8936-C067-4C26-9F59-045094445164}"
EndProject
Global
	GlobalSection(SolutionConfigurationPlatforms) = preSolution
		Debug|x64 = Debug|x64
		Debug|x86 = Debug|x86
		Release|x64 = Release|x64
		Release|x86 = Release|x86
	EndGlobalSection
	GlobalSection(ProjectConfigurationPlatforms) = postSolution
		{C48F8936-C067-4C26-9F59-045094445164}.Debug|x64.ActiveCfg = Debug|x64
		{C48F8936-C067-4C26-9F59-045094445164}.Debug|x64.Build.0 = Debug|x64
		{C48F8936-C067-4C26-9F59-045094445164}.Debug|x86.ActiveCfg = Debug|Win32
		{C48F8936-C067-4C26-9F59-045094445164}.Debug|x86.Build.0 = Debug|Win32
		{C48F8936-C067-4C26-9F59-045094445164}.Release|x64.ActiveCfg = Release|x64
		{C48F8936-C067-4C26-9F59-045094445164}.Release|x64.Build.0 = Release|x64
		{C48F8936-C067-4C26-9F59-045094445164}.Release|x86.ActiveCfg = Release|Win32
		{C48F8936-C067-4C26-9F59-045094445164}.Release|x86.Build.0 = Release|Win32
	EndGlobalSection
	GlobalSection(SolutionProperties) = preSolution
		HideSolutionNode = FALSE
	EndGlobalSection
	GlobalSection(ExtensibilityGlobals) = postSolution
		SolutionGuid = {E9E5A80F-D0A7-441F-89F6-0433C693596C}
	EndGlobalSection
EndGlobal
