<?xml version="1.0" encoding="utf-8"?>
<Project ToolsVersion="4.0" xmlns="http://schemas.microsoft.com/developer/msbuild/2003">
  <ItemGroup>
    <Filter Include="소스 파일">
      <UniqueIdentifier>{4FC737F1-C7A5-4376-A066-2A32D752A2FF}</UniqueIdentifier>
      <Extensions>cpp;c;cc;cxx;c++;cppm;ixx;def;odl;idl;hpj;bat;asm;asmx</Extensions>
    </Filter>
    <Filter Include="헤더 파일">
      <UniqueIdentifier>{93995380-89BD-4b04-88EB-625FBE52EBFB}</UniqueIdentifier>
      <Extensions>h;hh;hpp;hxx;h++;hm;inl;inc;ipp;xsd</Extensions>
    </Filter>
    <Filter Include="리소스 파일">
      <UniqueIdentifier>{67DA6AB6-F800-4c08-8B7A-83BB121AAD01}</UniqueIdentifier>
      <Extensions>rc;ico;cur;bmp;dlg;rc2;rct;bin;rgs;gif;jpg;jpeg;jpe;resx;tiff;tif;png;wav;mfcribbon-ms</Extensions>
    </Filter>
    <Filter Include="01. GameManager">
      <UniqueIdentifier>{855534c1-37f5-4103-a959-867b25f4b2ee}</UniqueIdentifier>
    </Filter>
    <Filter Include="02. Scene">
      <UniqueIdentifier>{f771557e-0080-43bd-99ce-e08286ba5878}</UniqueIdentifier>
    </Filter>
    <Filter Include="03. Stage">
      <UniqueIdentifier>{40d6f95a-82c9-418b-a012-71e1d77f5677}</UniqueIdentifier>
    </Filter>
    <Filter Include="04. Object">
      <UniqueIdentifier>{407a0e5d-1b4d-4ece-bfe8-bef72e9ab9db}</UniqueIdentifier>
    </Filter>
  </ItemGroup>
  <ItemGroup>
    <ClCompile Include="main.cpp">
      <Filter>소스 파일</Filter>
    </ClCompile>
    <ClCompile Include="GameManager.cpp">
      <Filter>01. GameManager</Filter>
    </ClCompile>
    <ClCompile Include="Scene\SceneManager.cpp">
      <Filter>02. Scene</Filter>
    </ClCompile>
    <ClCompile Include="Scene\Scene.cpp">
      <Filter>02. Scene</Filter>
    </ClCompile>
    <ClCompile Include="Scene\SceneMainMenu.cpp">
      <Filter>02. Scene</Filter>
    </ClCompile>
    <ClCompile Include="Scene\SceneGame.cpp">
      <Filter>02. Scene</Filter>
    </ClCompile>
    <ClCompile Include="Stage\Stage.cpp">
      <Filter>03. Stage</Filter>
    </ClCompile>
    <ClCompile Include="Object\GameObject.cpp">
      <Filter>04. Object</Filter>
    </ClCompile>
    <ClCompile Include="Object\Block.cpp">
      <Filter>04. Object</Filter>
    </ClCompile>
    <ClCompile Include="Object\Block1.cpp">
      <Filter>04. Object</Filter>
    </ClCompile>
    <ClCompile Include="Object\Block2.cpp">
      <Filter>04. Object</Filter>
    </ClCompile>
    <ClCompile Include="Object\Block3.cpp">
      <Filter>04. Object</Filter>
    </ClCompile>
    <ClCompile Include="Object\Block4.cpp">
      <Filter>04. Object</Filter>
    </ClCompile>
    <ClCompile Include="Object\Block5.cpp">
      <Filter>04. Object</Filter>
    </ClCompile>
    <ClCompile Include="Object\Block6.cpp">
      <Filter>04. Object</Filter>
    </ClCompile>
    <ClCompile Include="Object\Block7.cpp">
      <Filter>04. Object</Filter>
    </ClCompile>
  </ItemGroup>
  <ItemGroup>
    <ClInclude Include="GameInfo.h">
      <Filter>헤더 파일</Filter>
    </ClInclude>
    <ClInclude Include="GameManager.h">
      <Filter>01. GameManager</Filter>
    </ClInclude>
    <ClInclude Include="Scene\SceneManager.h">
      <Filter>02. Scene</Filter>
    </ClInclude>
    <ClInclude Include="Scene\Scene.h">
      <Filter>02. Scene</Filter>
    </ClInclude>
    <ClInclude Include="Scene\SceneMainMenu.h">
      <Filter>02. Scene</Filter>
    </ClInclude>
    <ClInclude Include="Scene\SceneGame.h">
      <Filter>02. Scene</Filter>
    </ClInclude>
    <ClInclude Include="Stage\Stage.h">
      <Filter>03. Stage</Filter>
    </ClInclude>
    <ClInclude Include="Object\GameObject.h">
      <Filter>04. Object</Filter>
    </ClInclude>
    <ClInclude Include="Object\Block.h">
      <Filter>04. Object</Filter>
    </ClInclude>
    <ClInclude Include="Object\Block1.h">
      <Filter>04. Object</Filter>
    </ClInclude>
    <ClInclude Include="Object\Block2.h">
      <Filter>04. Object</Filter>
    </ClInclude>
    <ClInclude Include="Object\Block3.h">
      <Filter>04. Object</Filter>
    </ClInclude>
    <ClInclude Include="Object\Block4.h">
      <Filter>04. Object</Filter>
    </ClInclude>
    <ClInclude Include="Object\Block5.h">
      <Filter>04. Object</Filter>
    </ClInclude>
    <ClInclude Include="Object\Block6.h">
      <Filter>04. Object</Filter>
    </ClInclude>
    <ClInclude Include="Object\Block7.h">
      <Filter>04. Object</Filter>
    </ClInclude>
  </ItemGroup>
</Project>