<?xml version="1.0" encoding="utf-8"?>
<Project ToolsVersion="4.0" xmlns="http://schemas.microsoft.com/developer/msbuild/2003">
  <ItemGroup>
    <Filter Include="소스 파일">
      <UniqueIdentifier>{4FC737F1-C7A5-4376-A066-2A32D752A2FF}</UniqueIdentifier>
      <Extensions>cpp;c;cc;cxx;c++;cppm;ixx;def;odl;idl;hpj;bat;asm;asmx</Extensions>
    </Filter>
    <Filter Include="헤더 파일">
      <UniqueIdentifier>{93995380-89BD-4b04-88EB-625FBE52EBFB}</UniqueIdentifier>
      <Extensions>h;hh;hpp;hxx;h++;hm;inl;inc;ipp;xsd</Extensions>
    </Filter>
    <Filter Include="리소스 파일">
      <UniqueIdentifier>{67DA6AB6-F800-4c08-8B7A-83BB121AAD01}</UniqueIdentifier>
      <Extensions>rc;ico;cur;bmp;dlg;rc2;rct;bin;rgs;gif;jpg;jpeg;jpe;resx;tiff;tif;png;wav;mfcribbon-ms</Extensions>
    </Filter>
    <Filter Include="01. GameManager">
      <UniqueIdentifier>{4d2b000e-acbe-4831-b97e-298652575c55}</UniqueIdentifier>
    </Filter>
    <Filter Include="02. Battle">
      <UniqueIdentifier>{8b87a5d6-b097-4f2d-9eb7-b8741e41ddf2}</UniqueIdentifier>
    </Filter>
    <Filter Include="03. Store">
      <UniqueIdentifier>{7a10e866-02d7-4362-9bdc-8199f252d654}</UniqueIdentifier>
    </Filter>
    <Filter Include="04. Inventory">
      <UniqueIdentifier>{8d103f2c-21a8-4608-98b0-9db38c8870e7}</UniqueIdentifier>
    </Filter>
  </ItemGroup>
  <ItemGroup>
    <ClCompile Include="main.cpp">
      <Filter>소스 파일</Filter>
    </ClCompile>
    <ClCompile Include="GameManager.cpp">
      <Filter>01. GameManager</Filter>
    </ClCompile>
    <ClCompile Include="Battle.cpp">
      <Filter>02. Battle</Filter>
    </ClCompile>
    <ClCompile Include="Editor.cpp">
      <Filter>소스 파일</Filter>
    </ClCompile>
    <ClCompile Include="EditorMonster.cpp">
      <Filter>소스 파일</Filter>
    </ClCompile>
    <ClCompile Include="EditorItem.cpp">
      <Filter>소스 파일</Filter>
    </ClCompile>
    <ClCompile Include="Store.cpp">
      <Filter>03. Store</Filter>
    </ClCompile>
    <ClCompile Include="Inventory.cpp">
      <Filter>04. Inventory</Filter>
    </ClCompile>
  </ItemGroup>
  <ItemGroup>
    <ClInclude Include="GameInfo.h">
      <Filter>헤더 파일</Filter>
    </ClInclude>
    <ClInclude Include="GameManager.h">
      <Filter>01. GameManager</Filter>
    </ClInclude>
    <ClInclude Include="Battle.h">
      <Filter>02. Battle</Filter>
    </ClInclude>
    <ClInclude Include="Store.h">
      <Filter>03. Store</Filter>
    </ClInclude>
    <ClInclude Include="Inventory.h">
      <Filter>04. Inventory</Filter>
    </ClInclude>
  </ItemGroup>
</Project>